
Microsoft Visual Studio Solution File, Format Version 12.00
# Visual Studio Version 17
VisualStudioVersion = 17.11.35222.181
MinimumVisualStudioVersion = 10.0.40219.1
Project("{FAE04EC0-301F-11D3-BF4B-00C04F79EFBC}") = "Prova_Eser03_13_09", "Prova_Eser03_13_09\Prova_Eser03_13_09.csproj", "{EE413EBF-BBAB-4177-9DFA-56AE2E578195}"
EndProject
Global
	GlobalSection(SolutionConfigurationPlatforms) = preSolution
		Debug|Any CPU = Debug|Any CPU
		Release|Any CPU = Release|Any CPU
	EndGlobalSection
	GlobalSection(ProjectConfigurationPlatforms) = postSolution
		{EE413EBF-BBAB-4177-9DFA-56AE2E578195}.Debug|Any CPU.ActiveCfg = Debug|Any CPU
		{EE413EBF-BBAB-4177-9DFA-56AE2E578195}.Debug|Any CPU.Build.0 = Debug|Any CPU
		{EE413EBF-BBAB-4177-9DFA-56AE2E578195}.Release|Any CPU.ActiveCfg = Release|Any CPU
		{EE413EBF-BBAB-4177-9DFA-56AE2E578195}.Release|Any CPU.Build.0 = Release|Any CPU
	EndGlobalSection
	GlobalSection(SolutionProperties) = preSolution
		HideSolutionNode = FALSE
	EndGlobalSection
	GlobalSection(ExtensibilityGlobals) = postSolution
		SolutionGuid = {BECB7EFC-47D9-476C-A58E-62EB5208C007}
	EndGlobalSection
EndGlobal
